
Microsoft Visual Studio Solution File, Format Version 12.00
# Visual Studio Version 17
VisualStudioVersion = 17.13.35825.156
MinimumVisualStudioVersion = 10.0.40219.1
Project("{FAE04EC0-301F-11D3-BF4B-00C04F79EFBC}") = "GirlScoutTroop41645Page", "GirlScoutTroop41645Page\GirlScoutTroop41645Page.csproj", "{D1F85452-9EE8-470A-A692-71C8F347529D}"
EndProject
Global
	GlobalSection(SolutionConfigurationPlatforms) = preSolution
		Debug|Any CPU = Debug|Any CPU
		Release|Any CPU = Release|Any CPU
	EndGlobalSection
	GlobalSection(ProjectConfigurationPlatforms) = postSolution
		{D1F85452-9EE8-470A-A692-71C8F347529D}.Debug|Any CPU.ActiveCfg = Debug|Any CPU
		{D1F85452-9EE8-470A-A692-71C8F347529D}.Debug|Any CPU.Build.0 = Debug|Any CPU
		{D1F85452-9EE8-470A-A692-71C8F347529D}.Release|Any CPU.ActiveCfg = Release|Any CPU
		{D1F85452-9EE8-470A-A692-71C8F347529D}.Release|Any CPU.Build.0 = Release|Any CPU
	EndGlobalSection
	GlobalSection(SolutionProperties) = preSolution
		HideSolutionNode = FALSE
	EndGlobalSection
	GlobalSection(ExtensibilityGlobals) = postSolution
		SolutionGuid = {55BA22D3-18E5-4A8C-B665-30DF2C683525}
	EndGlobalSection
EndGlobal
